<?xml version="1.0" encoding="utf-8"?>
<Project ToolsVersion="4.0" xmlns="http://schemas.microsoft.com/developer/msbuild/2003">
  <ItemGroup>
    <Filter Include="Hazel">
      <UniqueIdentifier>{99294D0D-053E-75BE-CEBF-181E3A9371EF}</UniqueIdentifier>
    </Filter>
  </ItemGroup>
  <ItemGroup>
    <ClInclude Include="src\Hazel.h" />
    <ClInclude Include="src\Hazel\Application.h">
      <Filter>Hazel</Filter>
    </ClInclude>
    <ClInclude Include="src\Hazel\Core.h">
      <Filter>Hazel</Filter>
    </ClInclude>
    <ClInclude Include="src\Hazel\EntryPoint.h">
      <Filter>Hazel</Filter>
    </ClInclude>
    <ClInclude Include="src\Hazel\Log.h">
      <Filter>Hazel</Filter>
    </ClInclude>
  </ItemGroup>
  <ItemGroup>
    <ClCompile Include="src\Hazel\Application.cpp">
      <Filter>Hazel</Filter>
    </ClCompile>
    <ClCompile Include="src\Hazel\Log.cpp">
      <Filter>Hazel</Filter>
    </ClCompile>
  </ItemGroup>
</Project>