<?xml version="1.0" encoding="utf-8"?>
<Project ToolsVersion="4.0" xmlns="http://schemas.microsoft.com/developer/msbuild/2003">
  <ItemGroup>
    <Filter Include="Hazel">
      <UniqueIdentifier>{99294D0D-053E-75BE-CEBF-181E3A9371EF}</UniqueIdentifier>
    </Filter>
    <Filter Include="Hazel\Events">
      <UniqueIdentifier>{5DEF92FE-4952-22A3-F2D7-5A59DE19EE25}</UniqueIdentifier>
    </Filter>
    <Filter Include="Hazel\ImGui">
      <UniqueIdentifier>{83AD5E9B-EF62-D790-7857-D167E40BCE94}</UniqueIdentifier>
    </Filter>
    <Filter Include="Platform">
      <UniqueIdentifier>{2AC788B4-1694-E3BF-3FAD-D1672BD9184E}</UniqueIdentifier>
    </Filter>
    <Filter Include="Platform\OpenGL">
      <UniqueIdentifier>{1E7D2C1D-8A08-9AE1-9319-1DD6FF23F6E1}</UniqueIdentifier>
    </Filter>
    <Filter Include="Platform\Windows">
      <UniqueIdentifier>{64FBD71A-50F4-F66C-7926-DCF1657ED678}</UniqueIdentifier>
    </Filter>
  </ItemGroup>
  <ItemGroup>
    <ClInclude Include="src\Hazel.h" />
    <ClInclude Include="src\Hazel\Application.h">
      <Filter>Hazel</Filter>
    </ClInclude>
    <ClInclude Include="src\Hazel\Core.h">
      <Filter>Hazel</Filter>
    </ClInclude>
    <ClInclude Include="src\Hazel\EntryPoint.h">
      <Filter>Hazel</Filter>
    </ClInclude>
    <ClInclude Include="src\Hazel\Events\ApplicationEvent.h">
      <Filter>Hazel\Events</Filter>
    </ClInclude>
    <ClInclude Include="src\Hazel\Events\Event.h">
      <Filter>Hazel\Events</Filter>
    </ClInclude>
    <ClInclude Include="src\Hazel\Events\KeyEvent.h">
      <Filter>Hazel\Events</Filter>
    </ClInclude>
    <ClInclude Include="src\Hazel\Events\MouseEvent.h">
      <Filter>Hazel\Events</Filter>
    </ClInclude>
    <ClInclude Include="src\Hazel\ImGui\ImGuiLayer.h">
      <Filter>Hazel\ImGui</Filter>
    </ClInclude>
    <ClInclude Include="src\Hazel\Layer.h">
      <Filter>Hazel</Filter>
    </ClInclude>
    <ClInclude Include="src\Hazel\LayerStack.h">
      <Filter>Hazel</Filter>
    </ClInclude>
    <ClInclude Include="src\Hazel\Log.h">
      <Filter>Hazel</Filter>
    </ClInclude>
    <ClInclude Include="src\Hazel\Window.h">
      <Filter>Hazel</Filter>
    </ClInclude>
    <ClInclude Include="src\Platform\OpenGL\ImGuiOpenGLRenderer.h">
      <Filter>Platform\OpenGL</Filter>
    </ClInclude>
    <ClInclude Include="src\Platform\Windows\WindowsWindow.h">
      <Filter>Platform\Windows</Filter>
    </ClInclude>
    <ClInclude Include="src\hzpch.h" />
  </ItemGroup>
  <ItemGroup>
    <ClCompile Include="src\Hazel\Application.cpp">
      <Filter>Hazel</Filter>
    </ClCompile>
    <ClCompile Include="src\Hazel\ImGui\ImGuiLayer.cpp">
      <Filter>Hazel\ImGui</Filter>
    </ClCompile>
    <ClCompile Include="src\Hazel\Layer.cpp">
      <Filter>Hazel</Filter>
    </ClCompile>
    <ClCompile Include="src\Hazel\LayerStack.cpp">
      <Filter>Hazel</Filter>
    </ClCompile>
    <ClCompile Include="src\Hazel\Log.cpp">
      <Filter>Hazel</Filter>
    </ClCompile>
    <ClCompile Include="src\Platform\OpenGL\ImGuiOpenGLRenderer.cpp">
      <Filter>Platform\OpenGL</Filter>
    </ClCompile>
    <ClCompile Include="src\Platform\Windows\WindowsWindow.cpp">
      <Filter>Platform\Windows</Filter>
    </ClCompile>
    <ClCompile Include="src\hzpch.cpp" />
  </ItemGroup>
</Project>